
Microsoft Visual Studio Solution File, Format Version 12.00
# Visual Studio Version 17
VisualStudioVersion = 17.4.33205.214
MinimumVisualStudioVersion = 10.0.40219.1
Project("{FAE04EC0-301F-11D3-BF4B-00C04F79EFBC}") = "TECBOTICA", "WebApplication1\TECBOTICA.csproj", "{F9EB6F22-44D2-4B93-A483-F634BCAB4B7F}"
EndProject
Global
	GlobalSection(SolutionConfigurationPlatforms) = preSolution
		Debug|Any CPU = Debug|Any CPU
		Release|Any CPU = Release|Any CPU
	EndGlobalSection
	GlobalSection(ProjectConfigurationPlatforms) = postSolution
		{F9EB6F22-44D2-4B93-A483-F634BCAB4B7F}.Debug|Any CPU.ActiveCfg = Debug|Any CPU
		{F9EB6F22-44D2-4B93-A483-F634BCAB4B7F}.Debug|Any CPU.Build.0 = Debug|Any CPU
		{F9EB6F22-44D2-4B93-A483-F634BCAB4B7F}.Release|Any CPU.ActiveCfg = Release|Any CPU
		{F9EB6F22-44D2-4B93-A483-F634BCAB4B7F}.Release|Any CPU.Build.0 = Release|Any CPU
	EndGlobalSection
	GlobalSection(SolutionProperties) = preSolution
		HideSolutionNode = FALSE
	EndGlobalSection
	GlobalSection(ExtensibilityGlobals) = postSolution
		SolutionGuid = {6E414955-8C57-4938-B5B5-BD7F18CC89B5}
	EndGlobalSection
EndGlobal
